// !$*UTF8*$!
{
	archiveVersion = 1;
	classes = {
	};
	objectVersion = 50;
	objects = {

/* Begin PBXBuildFile section */
		65D26ED926956C0400206098 /* AppDelegate.swift in Sources */ = {isa = PBXBuildFile; fileRef = 65D26ED826956C0400206098 /* AppDelegate.swift */; };
		65D26EDB26956C0400206098 /* SceneDelegate.swift in Sources */ = {isa = PBXBuildFile; fileRef = 65D26EDA26956C0400206098 /* SceneDelegate.swift */; };
		65D26EDD26956C0400206098 /* ViewController.swift in Sources */ = {isa = PBXBuildFile; fileRef = 65D26EDC26956C0400206098 /* ViewController.swift */; };
		65D26EE026956C0400206098 /* Main.storyboard in Resources */ = {isa = PBXBuildFile; fileRef = 65D26EDE26956C0400206098 /* Main.storyboard */; };
		65D26EE226956C0500206098 /* Assets.xcassets in Resources */ = {isa = PBXBuildFile; fileRef = 65D26EE126956C0500206098 /* Assets.xcassets */; };
		65D26EE526956C0500206098 /* LaunchScreen.storyboard in Resources */ = {isa = PBXBuildFile; fileRef = 65D26EE326956C0500206098 /* LaunchScreen.storyboard */; };
		65D26EF026956C0500206098 /* EpubTestViewTests.swift in Sources */ = {isa = PBXBuildFile; fileRef = 65D26EEF26956C0500206098 /* EpubTestViewTests.swift */; };
		65D26EFB26956C0500206098 /* EpubTestViewUITests.swift in Sources */ = {isa = PBXBuildFile; fileRef = 65D26EFA26956C0500206098 /* EpubTestViewUITests.swift */; };
		65D26F0C2695718100206098 /* 11-h.html in Resources */ = {isa = PBXBuildFile; fileRef = 65D26F0B2695718100206098 /* 11-h.html */; };
		65D26F0F269571D000206098 /* WebKit.framework in Frameworks */ = {isa = PBXBuildFile; fileRef = 65D26F0E269571D000206098 /* WebKit.framework */; };
/* End PBXBuildFile section */

/* Begin PBXContainerItemProxy section */
		65D26EEC26956C0500206098 /* PBXContainerItemProxy */ = {
			isa = PBXContainerItemProxy;
			containerPortal = 65D26ECD26956C0400206098 /* Project object */;
			proxyType = 1;
			remoteGlobalIDString = 65D26ED426956C0400206098;
			remoteInfo = EpubTestView;
		};
		65D26EF726956C0500206098 /* PBXContainerItemProxy */ = {
			isa = PBXContainerItemProxy;
			containerPortal = 65D26ECD26956C0400206098 /* Project object */;
			proxyType = 1;
			remoteGlobalIDString = 65D26ED426956C0400206098;
			remoteInfo = EpubTestView;
		};
/* End PBXContainerItemProxy section */

/* Begin PBXFileReference section */
		65D26ED526956C0400206098 /* EpubTestView.app */ = {isa = PBXFileReference; explicitFileType = wrapper.application; includeInIndex = 0; path = EpubTestView.app; sourceTree = BUILT_PRODUCTS_DIR; };
		65D26ED826956C0400206098 /* AppDelegate.swift */ = {isa = PBXFileReference; lastKnownFileType = sourcecode.swift; path = AppDelegate.swift; sourceTree = "<group>"; };
		65D26EDA26956C0400206098 /* SceneDelegate.swift */ = {isa = PBXFileReference; lastKnownFileType = sourcecode.swift; path = SceneDelegate.swift; sourceTree = "<group>"; };
		65D26EDC26956C0400206098 /* ViewController.swift */ = {isa = PBXFileReference; lastKnownFileType = sourcecode.swift; path = ViewController.swift; sourceTree = "<group>"; };
		65D26EDF26956C0400206098 /* Base */ = {isa = PBXFileReference; lastKnownFileType = file.storyboard; name = Base; path = Base.lproj/Main.storyboard; sourceTree = "<group>"; };
		65D26EE126956C0500206098 /* Assets.xcassets */ = {isa = PBXFileReference; lastKnownFileType = folder.assetcatalog; path = Assets.xcassets; sourceTree = "<group>"; };
		65D26EE426956C0500206098 /* Base */ = {isa = PBXFileReference; lastKnownFileType = file.storyboard; name = Base; path = Base.lproj/LaunchScreen.storyboard; sourceTree = "<group>"; };
		65D26EE626956C0500206098 /* Info.plist */ = {isa = PBXFileReference; lastKnownFileType = text.plist.xml; path = Info.plist; sourceTree = "<group>"; };
		65D26EEB26956C0500206098 /* EpubTestViewTests.xctest */ = {isa = PBXFileReference; explicitFileType = wrapper.cfbundle; includeInIndex = 0; path = EpubTestViewTests.xctest; sourceTree = BUILT_PRODUCTS_DIR; };
		65D26EEF26956C0500206098 /* EpubTestViewTests.swift */ = {isa = PBXFileReference; lastKnownFileType = sourcecode.swift; path = EpubTestViewTests.swift; sourceTree = "<group>"; };
		65D26EF126956C0500206098 /* Info.plist */ = {isa = PBXFileReference; lastKnownFileType = text.plist.xml; path = Info.plist; sourceTree = "<group>"; };
		65D26EF626956C0500206098 /* EpubTestViewUITests.xctest */ = {isa = PBXFileReference; explicitFileType = wrapper.cfbundle; includeInIndex = 0; path = EpubTestViewUITests.xctest; sourceTree = BUILT_PRODUCTS_DIR; };
		65D26EFA26956C0500206098 /* EpubTestViewUITests.swift */ = {isa = PBXFileReference; lastKnownFileType = sourcecode.swift; path = EpubTestViewUITests.swift; sourceTree = "<group>"; };
		65D26EFC26956C0500206098 /* Info.plist */ = {isa = PBXFileReference; lastKnownFileType = text.plist.xml; path = Info.plist; sourceTree = "<group>"; };
		65D26F0826956C1100206098 /* EpubTestView.entitlements */ = {isa = PBXFileReference; lastKnownFileType = text.plist.entitlements; path = EpubTestView.entitlements; sourceTree = "<group>"; };
		65D26F0B2695718100206098 /* 11-h.html */ = {isa = PBXFileReference; fileEncoding = 4; lastKnownFileType = text.html; path = "11-h.html"; sourceTree = "<group>"; };
		65D26F0E269571D000206098 /* WebKit.framework */ = {isa = PBXFileReference; lastKnownFileType = wrapper.framework; name = WebKit.framework; path = Platforms/MacOSX.platform/Developer/SDKs/MacOSX11.3.sdk/System/iOSSupport/System/Library/Frameworks/WebKit.framework; sourceTree = DEVELOPER_DIR; };
/* End PBXFileReference section */

/* Begin PBXFrameworksBuildPhase section */
		65D26ED226956C0400206098 /* Frameworks */ = {
			isa = PBXFrameworksBuildPhase;
			buildActionMask = 2147483647;
			files = (
				65D26F0F269571D000206098 /* WebKit.framework in Frameworks */,
			);
			runOnlyForDeploymentPostprocessing = 0;
		};
		65D26EE826956C0500206098 /* Frameworks */ = {
			isa = PBXFrameworksBuildPhase;
			buildActionMask = 2147483647;
			files = (
			);
			runOnlyForDeploymentPostprocessing = 0;
		};
		65D26EF326956C0500206098 /* Frameworks */ = {
			isa = PBXFrameworksBuildPhase;
			buildActionMask = 2147483647;
			files = (
			);
			runOnlyForDeploymentPostprocessing = 0;
		};
/* End PBXFrameworksBuildPhase section */

/* Begin PBXGroup section */
		65D26ECC26956C0400206098 = {
			isa = PBXGroup;
			children = (
				65D26ED726956C0400206098 /* EpubTestView */,
				65D26EEE26956C0500206098 /* EpubTestViewTests */,
				65D26EF926956C0500206098 /* EpubTestViewUITests */,
				65D26ED626956C0400206098 /* Products */,
				65D26F0D269571D000206098 /* Frameworks */,
			);
			sourceTree = "<group>";
		};
		65D26ED626956C0400206098 /* Products */ = {
			isa = PBXGroup;
			children = (
				65D26ED526956C0400206098 /* EpubTestView.app */,
				65D26EEB26956C0500206098 /* EpubTestViewTests.xctest */,
				65D26EF626956C0500206098 /* EpubTestViewUITests.xctest */,
			);
			name = Products;
			sourceTree = "<group>";
		};
		65D26ED726956C0400206098 /* EpubTestView */ = {
			isa = PBXGroup;
			children = (
				65D26F0826956C1100206098 /* EpubTestView.entitlements */,
				65D26ED826956C0400206098 /* AppDelegate.swift */,
				65D26EDA26956C0400206098 /* SceneDelegate.swift */,
				65D26EDC26956C0400206098 /* ViewController.swift */,
				65D26F0B2695718100206098 /* 11-h.html */,
				65D26EDE26956C0400206098 /* Main.storyboard */,
				65D26EE126956C0500206098 /* Assets.xcassets */,
				65D26EE326956C0500206098 /* LaunchScreen.storyboard */,
				65D26EE626956C0500206098 /* Info.plist */,
			);
			path = EpubTestView;
			sourceTree = "<group>";
		};
		65D26EEE26956C0500206098 /* EpubTestViewTests */ = {
			isa = PBXGroup;
			children = (
				65D26EEF26956C0500206098 /* EpubTestViewTests.swift */,
				65D26EF126956C0500206098 /* Info.plist */,
			);
			path = EpubTestViewTests;
			sourceTree = "<group>";
		};
		65D26EF926956C0500206098 /* EpubTestViewUITests */ = {
			isa = PBXGroup;
			children = (
				65D26EFA26956C0500206098 /* EpubTestViewUITests.swift */,
				65D26EFC26956C0500206098 /* Info.plist */,
			);
			path = EpubTestViewUITests;
			sourceTree = "<group>";
		};
		65D26F0D269571D000206098 /* Frameworks */ = {
			isa = PBXGroup;
			children = (
				65D26F0E269571D000206098 /* WebKit.framework */,
			);
			name = Frameworks;
			sourceTree = "<group>";
		};
/* End PBXGroup section */

/* Begin PBXNativeTarget section */
		65D26ED426956C0400206098 /* EpubTestView */ = {
			isa = PBXNativeTarget;
			buildConfigurationList = 65D26EFF26956C0500206098 /* Build configuration list for PBXNativeTarget "EpubTestView" */;
			buildPhases = (
				65D26ED126956C0400206098 /* Sources */,
				65D26ED226956C0400206098 /* Frameworks */,
				65D26ED326956C0400206098 /* Resources */,
			);
			buildRules = (
			);
			dependencies = (
			);
			name = EpubTestView;
			productName = EpubTestView;
			productReference = 65D26ED526956C0400206098 /* EpubTestView.app */;
			productType = "com.apple.product-type.application";
		};
		65D26EEA26956C0500206098 /* EpubTestViewTests */ = {
			isa = PBXNativeTarget;
			buildConfigurationList = 65D26F0226956C0500206098 /* Build configuration list for PBXNativeTarget "EpubTestViewTests" */;
			buildPhases = (
				65D26EE726956C0500206098 /* Sources */,
				65D26EE826956C0500206098 /* Frameworks */,
				65D26EE926956C0500206098 /* Resources */,
			);
			buildRules = (
			);
			dependencies = (
				65D26EED26956C0500206098 /* PBXTargetDependency */,
			);
			name = EpubTestViewTests;
			productName = EpubTestViewTests;
			productReference = 65D26EEB26956C0500206098 /* EpubTestViewTests.xctest */;
			productType = "com.apple.product-type.bundle.unit-test";
		};
		65D26EF526956C0500206098 /* EpubTestViewUITests */ = {
			isa = PBXNativeTarget;
			buildConfigurationList = 65D26F0526956C0500206098 /* Build configuration list for PBXNativeTarget "EpubTestViewUITests" */;
			buildPhases = (
				65D26EF226956C0500206098 /* Sources */,
				65D26EF326956C0500206098 /* Frameworks */,
				65D26EF426956C0500206098 /* Resources */,
			);
			buildRules = (
			);
			dependencies = (
				65D26EF826956C0500206098 /* PBXTargetDependency */,
			);
			name = EpubTestViewUITests;
			productName = EpubTestViewUITests;
			productReference = 65D26EF626956C0500206098 /* EpubTestViewUITests.xctest */;
			productType = "com.apple.product-type.bundle.ui-testing";
		};
/* End PBXNativeTarget section */

/* Begin PBXProject section */
		65D26ECD26956C0400206098 /* Project object */ = {
			isa = PBXProject;
			attributes = {
				LastSwiftUpdateCheck = 1250;
				LastUpgradeCheck = 1250;
				TargetAttributes = {
					65D26ED426956C0400206098 = {
						CreatedOnToolsVersion = 12.5.1;
					};
					65D26EEA26956C0500206098 = {
						CreatedOnToolsVersion = 12.5.1;
						TestTargetID = 65D26ED426956C0400206098;
					};
					65D26EF526956C0500206098 = {
						CreatedOnToolsVersion = 12.5.1;
						TestTargetID = 65D26ED426956C0400206098;
					};
				};
			};
			buildConfigurationList = 65D26ED026956C0400206098 /* Build configuration list for PBXProject "EpubTestView" */;
			compatibilityVersion = "Xcode 9.3";
			developmentRegion = en;
			hasScannedForEncodings = 0;
			knownRegions = (
				en,
				Base,
			);
			mainGroup = 65D26ECC26956C0400206098;
			productRefGroup = 65D26ED626956C0400206098 /* Products */;
			projectDirPath = "";
			projectRoot = "";
			targets = (
				65D26ED426956C0400206098 /* EpubTestView */,
				65D26EEA26956C0500206098 /* EpubTestViewTests */,
				65D26EF526956C0500206098 /* EpubTestViewUITests */,
			);
		};
/* End PBXProject section */

/* Begin PBXResourcesBuildPhase section */
		65D26ED326956C0400206098 /* Resources */ = {
			isa = PBXResourcesBuildPhase;
			buildActionMask = 2147483647;
			files = (
				65D26EE526956C0500206098 /* LaunchScreen.storyboard in Resources */,
				65D26EE226956C0500206098 /* Assets.xcassets in Resources */,
				65D26F0C2695718100206098 /* 11-h.html in Resources */,
				65D26EE026956C0400206098 /* Main.storyboard in Resources */,
			);
			runOnlyForDeploymentPostprocessing = 0;
		};
		65D26EE926956C0500206098 /* Resources */ = {
			isa = PBXResourcesBuildPhase;
			buildActionMask = 2147483647;
			files = (
			);
			runOnlyForDeploymentPostprocessing = 0;
		};
		65D26EF426956C0500206098 /* Resources */ = {
			isa = PBXResourcesBuildPhase;
			buildActionMask = 2147483647;
			files = (
			);
			runOnlyForDeploymentPostprocessing = 0;
		};
/* End PBXResourcesBuildPhase section */

/* Begin PBXSourcesBuildPhase section */
		65D26ED126956C0400206098 /* Sources */ = {
			isa = PBXSourcesBuildPhase;
			buildActionMask = 2147483647;
			files = (
				65D26EDD26956C0400206098 /* ViewController.swift in Sources */,
				65D26ED926956C0400206098 /* AppDelegate.swift in Sources */,
				65D26EDB26956C0400206098 /* SceneDelegate.swift in Sources */,
			);
			runOnlyForDeploymentPostprocessing = 0;
		};
		65D26EE726956C0500206098 /* Sources */ = {
			isa = PBXSourcesBuildPhase;
			buildActionMask = 2147483647;
			files = (
				65D26EF026956C0500206098 /* EpubTestViewTests.swift in Sources */,
			);
			runOnlyForDeploymentPostprocessing = 0;
		};
		65D26EF226956C0500206098 /* Sources */ = {
			isa = PBXSourcesBuildPhase;
			buildActionMask = 2147483647;
			files = (
				65D26EFB26956C0500206098 /* EpubTestViewUITests.swift in Sources */,
			);
			runOnlyForDeploymentPostprocessing = 0;
		};
/* End PBXSourcesBuildPhase section */

/* Begin PBXTargetDependency section */
		65D26EED26956C0500206098 /* PBXTargetDependency */ = {
			isa = PBXTargetDependency;
			target = 65D26ED426956C0400206098 /* EpubTestView */;
			targetProxy = 65D26EEC26956C0500206098 /* PBXContainerItemProxy */;
		};
		65D26EF826956C0500206098 /* PBXTargetDependency */ = {
			isa = PBXTargetDependency;
			target = 65D26ED426956C0400206098 /* EpubTestView */;
			targetProxy = 65D26EF726956C0500206098 /* PBXContainerItemProxy */;
		};
/* End PBXTargetDependency section */

/* Begin PBXVariantGroup section */
		65D26EDE26956C0400206098 /* Main.storyboard */ = {
			isa = PBXVariantGroup;
			children = (
				65D26EDF26956C0400206098 /* Base */,
			);
			name = Main.storyboard;
			sourceTree = "<group>";
		};
		65D26EE326956C0500206098 /* LaunchScreen.storyboard */ = {
			isa = PBXVariantGroup;
			children = (
				65D26EE426956C0500206098 /* Base */,
			);
			name = LaunchScreen.storyboard;
			sourceTree = "<group>";
		};
/* End PBXVariantGroup section */

/* Begin XCBuildConfiguration section */
		65D26EFD26956C0500206098 /* Debug */ = {
			isa = XCBuildConfiguration;
			buildSettings = {
				ALWAYS_SEARCH_USER_PATHS = NO;
				CLANG_ANALYZER_NONNULL = YES;
				CLANG_ANALYZER_NUMBER_OBJECT_CONVERSION = YES_AGGRESSIVE;
				CLANG_CXX_LANGUAGE_STANDARD = "gnu++14";
				CLANG_CXX_LIBRARY = "libc++";
				CLANG_ENABLE_MODULES = YES;
				CLANG_ENABLE_OBJC_ARC = YES;
				CLANG_ENABLE_OBJC_WEAK = YES;
				CLANG_WARN_BLOCK_CAPTURE_AUTORELEASING = YES;
				CLANG_WARN_BOOL_CONVERSION = YES;
				CLANG_WARN_COMMA = YES;
				CLANG_WARN_CONSTANT_CONVERSION = YES;
				CLANG_WARN_DEPRECATED_OBJC_IMPLEMENTATIONS = YES;
				CLANG_WARN_DIRECT_OBJC_ISA_USAGE = YES_ERROR;
				CLANG_WARN_DOCUMENTATION_COMMENTS = YES;
				CLANG_WARN_EMPTY_BODY = YES;
				CLANG_WARN_ENUM_CONVERSION = YES;
				CLANG_WARN_INFINITE_RECURSION = YES;
				CLANG_WARN_INT_CONVERSION = YES;
				CLANG_WARN_NON_LITERAL_NULL_CONVERSION = YES;
				CLANG_WARN_OBJC_IMPLICIT_RETAIN_SELF = YES;
				CLANG_WARN_OBJC_LITERAL_CONVERSION = YES;
				CLANG_WARN_OBJC_ROOT_CLASS = YES_ERROR;
				CLANG_WARN_QUOTED_INCLUDE_IN_FRAMEWORK_HEADER = YES;
				CLANG_WARN_RANGE_LOOP_ANALYSIS = YES;
				CLANG_WARN_STRICT_PROTOTYPES = YES;
				CLANG_WARN_SUSPICIOUS_MOVE = YES;
				CLANG_WARN_UNGUARDED_AVAILABILITY = YES_AGGRESSIVE;
				CLANG_WARN_UNREACHABLE_CODE = YES;
				CLANG_WARN__DUPLICATE_METHOD_MATCH = YES;
				COPY_PHASE_STRIP = NO;
				DEBUG_INFORMATION_FORMAT = dwarf;
				ENABLE_STRICT_OBJC_MSGSEND = YES;
				ENABLE_TESTABILITY = YES;
				GCC_C_LANGUAGE_STANDARD = gnu11;
				GCC_DYNAMIC_NO_PIC = NO;
				GCC_NO_COMMON_BLOCKS = YES;
				GCC_OPTIMIZATION_LEVEL = 0;
				GCC_PREPROCESSOR_DEFINITIONS = (
					"DEBUG=1",
					"$(inherited)",
				);
				GCC_WARN_64_TO_32_BIT_CONVERSION = YES;
				GCC_WARN_ABOUT_RETURN_TYPE = YES_ERROR;
				GCC_WARN_UNDECLARED_SELECTOR = YES;
				GCC_WARN_UNINITIALIZED_AUTOS = YES_AGGRESSIVE;
				GCC_WARN_UNUSED_FUNCTION = YES;
				GCC_WARN_UNUSED_VARIABLE = YES;
				IPHONEOS_DEPLOYMENT_TARGET = 14.5;
				MTL_ENABLE_DEBUG_INFO = INCLUDE_SOURCE;
				MTL_FAST_MATH = YES;
				ONLY_ACTIVE_ARCH = YES;
				SDKROOT = iphoneos;
				SWIFT_ACTIVE_COMPILATION_CONDITIONS = DEBUG;
				SWIFT_OPTIMIZATION_LEVEL = "-Onone";
			};
			name = Debug;
		};
		65D26EFE26956C0500206098 /* Release */ = {
			isa = XCBuildConfiguration;
			buildSettings = {
				ALWAYS_SEARCH_USER_PATHS = NO;
				CLANG_ANALYZER_NONNULL = YES;
				CLANG_ANALYZER_NUMBER_OBJECT_CONVERSION = YES_AGGRESSIVE;
				CLANG_CXX_LANGUAGE_STANDARD = "gnu++14";
				CLANG_CXX_LIBRARY = "libc++";
				CLANG_ENABLE_MODULES = YES;
				CLANG_ENABLE_OBJC_ARC = YES;
				CLANG_ENABLE_OBJC_WEAK = YES;
				CLANG_WARN_BLOCK_CAPTURE_AUTORELEASING = YES;
				CLANG_WARN_BOOL_CONVERSION = YES;
				CLANG_WARN_COMMA = YES;
				CLANG_WARN_CONSTANT_CONVERSION = YES;
				CLANG_WARN_DEPRECATED_OBJC_IMPLEMENTATIONS = YES;
				CLANG_WARN_DIRECT_OBJC_ISA_USAGE = YES_ERROR;
				CLANG_WARN_DOCUMENTATION_COMMENTS = YES;
				CLANG_WARN_EMPTY_BODY = YES;
				CLANG_WARN_ENUM_CONVERSION = YES;
				CLANG_WARN_INFINITE_RECURSION = YES;
				CLANG_WARN_INT_CONVERSION = YES;
				CLANG_WARN_NON_LITERAL_NULL_CONVERSION = YES;
				CLANG_WARN_OBJC_IMPLICIT_RETAIN_SELF = YES;
				CLANG_WARN_OBJC_LITERAL_CONVERSION = YES;
				CLANG_WARN_OBJC_ROOT_CLASS = YES_ERROR;
				CLANG_WARN_QUOTED_INCLUDE_IN_FRAMEWORK_HEADER = YES;
				CLANG_WARN_RANGE_LOOP_ANALYSIS = YES;
				CLANG_WARN_STRICT_PROTOTYPES = YES;
				CLANG_WARN_SUSPICIOUS_MOVE = YES;
				CLANG_WARN_UNGUARDED_AVAILABILITY = YES_AGGRESSIVE;
				CLANG_WARN_UNREACHABLE_CODE = YES;
				CLANG_WARN__DUPLICATE_METHOD_MATCH = YES;
				COPY_PHASE_STRIP = NO;
				DEBUG_INFORMATION_FORMAT = "dwarf-with-dsym";
				ENABLE_NS_ASSERTIONS = NO;
				ENABLE_STRICT_OBJC_MSGSEND = YES;
				GCC_C_LANGUAGE_STANDARD = gnu11;
				GCC_NO_COMMON_BLOCKS = YES;
				GCC_WARN_64_TO_32_BIT_CONVERSION = YES;
				GCC_WARN_ABOUT_RETURN_TYPE = YES_ERROR;
				GCC_WARN_UNDECLARED_SELECTOR = YES;
				GCC_WARN_UNINITIALIZED_AUTOS = YES_AGGRESSIVE;
				GCC_WARN_UNUSED_FUNCTION = YES;
				GCC_WARN_UNUSED_VARIABLE = YES;
				IPHONEOS_DEPLOYMENT_TARGET = 14.5;
				MTL_ENABLE_DEBUG_INFO = NO;
				MTL_FAST_MATH = YES;
				SDKROOT = iphoneos;
				SWIFT_COMPILATION_MODE = wholemodule;
				SWIFT_OPTIMIZATION_LEVEL = "-O";
				VALIDATE_PRODUCT = YES;
			};
			name = Release;
		};
		65D26F0026956C0500206098 /* Debug */ = {
			isa = XCBuildConfiguration;
			buildSettings = {
				ASSETCATALOG_COMPILER_APPICON_NAME = AppIcon;
				ASSETCATALOG_COMPILER_GLOBAL_ACCENT_COLOR_NAME = AccentColor;
				CODE_SIGN_ENTITLEMENTS = EpubTestView/EpubTestView.entitlements;
				CODE_SIGN_STYLE = Automatic;
				DEVELOPMENT_TEAM = VQCH69RFN4;
				INFOPLIST_FILE = EpubTestView/Info.plist;
				IPHONEOS_DEPLOYMENT_TARGET = 11.0;
				LD_RUNPATH_SEARCH_PATHS = (
					"$(inherited)",
					"@executable_path/Frameworks",
				);
				PRODUCT_BUNDLE_IDENTIFIER = kr.co.aladin..EpubTestView;
				PRODUCT_NAME = "$(TARGET_NAME)";
				SUPPORTS_MACCATALYST = YES;
				SWIFT_VERSION = 5.0;
				TARGETED_DEVICE_FAMILY = "1,2";
			};
			name = Debug;
		};
		65D26F0126956C0500206098 /* Release */ = {
			isa = XCBuildConfiguration;
			buildSettings = {
				ASSETCATALOG_COMPILER_APPICON_NAME = AppIcon;
				ASSETCATALOG_COMPILER_GLOBAL_ACCENT_COLOR_NAME = AccentColor;
				CODE_SIGN_ENTITLEMENTS = EpubTestView/EpubTestView.entitlements;
				CODE_SIGN_STYLE = Automatic;
				DEVELOPMENT_TEAM = VQCH69RFN4;
				INFOPLIST_FILE = EpubTestView/Info.plist;
				IPHONEOS_DEPLOYMENT_TARGET = 11.0;
				LD_RUNPATH_SEARCH_PATHS = (
					"$(inherited)",
					"@executable_path/Frameworks",
				);
				PRODUCT_BUNDLE_IDENTIFIER = kr.co.aladin..EpubTestView;
				PRODUCT_NAME = "$(TARGET_NAME)";
				SUPPORTS_MACCATALYST = YES;
				SWIFT_VERSION = 5.0;
				TARGETED_DEVICE_FAMILY = "1,2";
			};
			name = Release;
		};
		65D26F0326956C0500206098 /* Debug */ = {
			isa = XCBuildConfiguration;
			buildSettings = {
				ALWAYS_EMBED_SWIFT_STANDARD_LIBRARIES = YES;
				BUNDLE_LOADER = "$(TEST_HOST)";
				CODE_SIGN_STYLE = Automatic;
				DEVELOPMENT_TEAM = VQCH69RFN4;
				INFOPLIST_FILE = EpubTestViewTests/Info.plist;
				IPHONEOS_DEPLOYMENT_TARGET = 14.5;
				LD_RUNPATH_SEARCH_PATHS = (
					"$(inherited)",
					"@executable_path/Frameworks",
					"@loader_path/Frameworks",
				);
				PRODUCT_BUNDLE_IDENTIFIER = kr.co.aladin..EpubTestViewTests;
				PRODUCT_NAME = "$(TARGET_NAME)";
				SWIFT_VERSION = 5.0;
				TARGETED_DEVICE_FAMILY = "1,2";
				TEST_HOST = "$(BUILT_PRODUCTS_DIR)/EpubTestView.app/EpubTestView";
			};
			name = Debug;
		};
		65D26F0426956C0500206098 /* Release */ = {
			isa = XCBuildConfiguration;
			buildSettings = {
				ALWAYS_EMBED_SWIFT_STANDARD_LIBRARIES = YES;
				BUNDLE_LOADER = "$(TEST_HOST)";
				CODE_SIGN_STYLE = Automatic;
				DEVELOPMENT_TEAM = VQCH69RFN4;
				INFOPLIST_FILE = EpubTestViewTests/Info.plist;
				IPHONEOS_DEPLOYMENT_TARGET = 14.5;
				LD_RUNPATH_SEARCH_PATHS = (
					"$(inherited)",
					"@executable_path/Frameworks",
					"@loader_path/Frameworks",
				);
				PRODUCT_BUNDLE_IDENTIFIER = kr.co.aladin..EpubTestViewTests;
				PRODUCT_NAME = "$(TARGET_NAME)";
				SWIFT_VERSION = 5.0;
				TARGETED_DEVICE_FAMILY = "1,2";
				TEST_HOST = "$(BUILT_PRODUCTS_DIR)/EpubTestView.app/EpubTestView";
			};
			name = Release;
		};
		65D26F0626956C0500206098 /* Debug */ = {
			isa = XCBuildConfiguration;
			buildSettings = {
				ALWAYS_EMBED_SWIFT_STANDARD_LIBRARIES = YES;
				CODE_SIGN_STYLE = Automatic;
				DEVELOPMENT_TEAM = VQCH69RFN4;
				INFOPLIST_FILE = EpubTestViewUITests/Info.plist;
				LD_RUNPATH_SEARCH_PATHS = (
					"$(inherited)",
					"@executable_path/Frameworks",
					"@loader_path/Frameworks",
				);
				PRODUCT_BUNDLE_IDENTIFIER = kr.co.aladin..EpubTestViewUITests;
				PRODUCT_NAME = "$(TARGET_NAME)";
				SWIFT_VERSION = 5.0;
				TARGETED_DEVICE_FAMILY = "1,2";
				TEST_TARGET_NAME = EpubTestView;
			};
			name = Debug;
		};
		65D26F0726956C0500206098 /* Release */ = {
			isa = XCBuildConfiguration;
			buildSettings = {
				ALWAYS_EMBED_SWIFT_STANDARD_LIBRARIES = YES;
				CODE_SIGN_STYLE = Automatic;
				DEVELOPMENT_TEAM = VQCH69RFN4;
				INFOPLIST_FILE = EpubTestViewUITests/Info.plist;
				LD_RUNPATH_SEARCH_PATHS = (
					"$(inherited)",
					"@executable_path/Frameworks",
					"@loader_path/Frameworks",
				);
				PRODUCT_BUNDLE_IDENTIFIER = kr.co.aladin..EpubTestViewUITests;
				PRODUCT_NAME = "$(TARGET_NAME)";
				SWIFT_VERSION = 5.0;
				TARGETED_DEVICE_FAMILY = "1,2";
				TEST_TARGET_NAME = EpubTestView;
			};
			name = Release;
		};
/* End XCBuildConfiguration section */

/* Begin XCConfigurationList section */
		65D26ED026956C0400206098 /* Build configuration list for PBXProject "EpubTestView" */ = {
			isa = XCConfigurationList;
			buildConfigurations = (
				65D26EFD26956C0500206098 /* Debug */,
				65D26EFE26956C0500206098 /* Release */,
			);
			defaultConfigurationIsVisible = 0;
			defaultConfigurationName = Release;
		};
		65D26EFF26956C0500206098 /* Build configuration list for PBXNativeTarget "EpubTestView" */ = {
			isa = XCConfigurationList;
			buildConfigurations = (
				65D26F0026956C0500206098 /* Debug */,
				65D26F0126956C0500206098 /* Release */,
			);
			defaultConfigurationIsVisible = 0;
			defaultConfigurationName = Release;
		};
		65D26F0226956C0500206098 /* Build configuration list for PBXNativeTarget "EpubTestViewTests" */ = {
			isa = XCConfigurationList;
			buildConfigurations = (
				65D26F0326956C0500206098 /* Debug */,
				65D26F0426956C0500206098 /* Release */,
			);
			defaultConfigurationIsVisible = 0;
			defaultConfigurationName = Release;
		};
		65D26F0526956C0500206098 /* Build configuration list for PBXNativeTarget "EpubTestViewUITests" */ = {
			isa = XCConfigurationList;
			buildConfigurations = (
				65D26F0626956C0500206098 /* Debug */,
				65D26F0726956C0500206098 /* Release */,
			);
			defaultConfigurationIsVisible = 0;
			defaultConfigurationName = Release;
		};
/* End XCConfigurationList section */
	};
	rootObject = 65D26ECD26956C0400206098 /* Project object */;
}
